PODS:
  - Cloudability (0.1.0):
    - PromiseKit/CloudKit (~> 4.0)
    - RealmSwift
  - PromiseKit/CloudKit (4.5.2):
    - PromiseKit/CorePromise
  - PromiseKit/CorePromise (4.5.2)
  - Realm (3.1.1):
    - Realm/Headers (= 3.1.1)
  - Realm/Headers (3.1.1)
  - RealmSwift (3.1.1):
    - Realm (= 3.1.1)

DEPENDENCIES:
  - Cloudability (from `../`)

EXTERNAL SOURCES:
  Cloudability:
    :path: ../

SPEC CHECKSUMS:
  Cloudability: a2dc991629185e3d296cf74e4ba30d7ab117008d
  PromiseKit: 743e497a5f505a470d3bbbf4ce0663c1268af0a4
  Realm: 42d1c38a5b1bbcc828b48a7ce702cb86fc68adf4
  RealmSwift: d31937ca6a6ee54acde64ec839523c0a3c04924b

PODFILE CHECKSUM: 9c50597ff4a720241ee1490b4ccced546c349b05

COCOAPODS: 1.4.0.rc.1
