PODS:
  - Cloudability (0.1.0):
    - PromiseKit/CloudKit (~> 6.0)
    - RealmSwift
  - PromiseKit/CloudKit (6.2.4):
    - PromiseKit/CorePromise
  - PromiseKit/CorePromise (6.2.4)
  - Realm (3.3.2):
    - Realm/Headers (= 3.3.2)
  - Realm/Headers (3.3.2)
  - RealmSwift (3.3.2):
    - Realm (= 3.3.2)

DEPENDENCIES:
  - Cloudability (from `../`)

SPEC REPOS:
  https://github.com/CocoaPods/Specs.git:
    - PromiseKit
    - Realm
    - RealmSwift

EXTERNAL SOURCES:
  Cloudability:
    :path: "../"

SPEC CHECKSUMS:
  Cloudability: 1ca3438d194461130f8ad25b54eb5817b8aa7a29
  PromiseKit: 625b1fc69944fc839503748101c5968cf54b527b
  Realm: d927fbf66df5532cfafc08afb5f7e53ded37b894
  RealmSwift: 4e903a494e05d866581d69ad6f7e7b879d446baf

PODFILE CHECKSUM: b3e494bfdd6e99275b988350cbe16ac1c33f05b8

COCOAPODS: 1.5.0
