PODS:
  - Cloudability (0.1.0):
    - PromiseKit/CloudKit (~> 6.0)
    - RealmSwift
  - PromiseKit/CloudKit (6.1.1):
    - PromiseKit/CorePromise
  - PromiseKit/CorePromise (6.1.1)
  - Realm (3.1.1):
    - Realm/Headers (= 3.1.1)
  - Realm/Headers (3.1.1)
  - RealmSwift (3.1.1):
    - Realm (= 3.1.1)

DEPENDENCIES:
  - Cloudability (from `../`)

EXTERNAL SOURCES:
  Cloudability:
    :path: ../

SPEC CHECKSUMS:
  Cloudability: 1ca3438d194461130f8ad25b54eb5817b8aa7a29
  PromiseKit: 876f433b87c970f020e04e35dbe68ab21d240498
  Realm: 42d1c38a5b1bbcc828b48a7ce702cb86fc68adf4
  RealmSwift: d31937ca6a6ee54acde64ec839523c0a3c04924b

PODFILE CHECKSUM: 9c50597ff4a720241ee1490b4ccced546c349b05

COCOAPODS: 1.4.0.rc.1
